
Microsoft Visual Studio Solution File, Format Version 12.00
# Visual Studio Version 17
VisualStudioVersion = 17.14.36408.4 d17.14
MinimumVisualStudioVersion = 10.0.40219.1
Project("{FAE04EC0-301F-11D3-BF4B-00C04F79EFBC}") = "PortfolioBlogApp", "PortfolioBlogApp\PortfolioBlogApp.csproj", "{72DF837F-59B1-4E2E-8D34-ABC88CEFDBA2}"
EndProject
Global
	GlobalSection(SolutionConfigurationPlatforms) = preSolution
		Debug|Any CPU = Debug|Any CPU
		Release|Any CPU = Release|Any CPU
	EndGlobalSection
	GlobalSection(ProjectConfigurationPlatforms) = postSolution
		{72DF837F-59B1-4E2E-8D34-ABC88CEFDBA2}.Debug|Any CPU.ActiveCfg = Debug|Any CPU
		{72DF837F-59B1-4E2E-8D34-ABC88CEFDBA2}.Debug|Any CPU.Build.0 = Debug|Any CPU
		{72DF837F-59B1-4E2E-8D34-ABC88CEFDBA2}.Release|Any CPU.ActiveCfg = Release|Any CPU
		{72DF837F-59B1-4E2E-8D34-ABC88CEFDBA2}.Release|Any CPU.Build.0 = Release|Any CPU
	EndGlobalSection
	GlobalSection(SolutionProperties) = preSolution
		HideSolutionNode = FALSE
	EndGlobalSection
	GlobalSection(ExtensibilityGlobals) = postSolution
		SolutionGuid = {34752830-0717-41D9-BC27-800AE1721C1A}
	EndGlobalSection
EndGlobal
