
Microsoft Visual Studio Solution File, Format Version 12.00
# Visual Studio Version 17
VisualStudioVersion = 17.14.36717.8 d17.14
MinimumVisualStudioVersion = 10.0.40219.1
Project("{FAE04EC0-301F-11D3-BF4B-00C04F79EFBC}") = "restart2", "restart2.csproj", "{9D4567B0-59D2-4365-BEA1-67ED88320191}"
EndProject
Global
	GlobalSection(SolutionConfigurationPlatforms) = preSolution
		Debug|Any CPU = Debug|Any CPU
		Release|Any CPU = Release|Any CPU
	EndGlobalSection
	GlobalSection(ProjectConfigurationPlatforms) = postSolution
		{9D4567B0-59D2-4365-BEA1-67ED88320191}.Debug|Any CPU.ActiveCfg = Debug|Any CPU
		{9D4567B0-59D2-4365-BEA1-67ED88320191}.Debug|Any CPU.Build.0 = Debug|Any CPU
		{9D4567B0-59D2-4365-BEA1-67ED88320191}.Release|Any CPU.ActiveCfg = Release|Any CPU
		{9D4567B0-59D2-4365-BEA1-67ED88320191}.Release|Any CPU.Build.0 = Release|Any CPU
	EndGlobalSection
	GlobalSection(SolutionProperties) = preSolution
		HideSolutionNode = FALSE
	EndGlobalSection
	GlobalSection(ExtensibilityGlobals) = postSolution
		SolutionGuid = {3712F22E-885A-4A9F-9E46-0967C968FE84}
	EndGlobalSection
EndGlobal
