
Microsoft Visual Studio Solution File, Format Version 12.00
# Visual Studio Version 17
VisualStudioVersion = 17.14.36301.6
MinimumVisualStudioVersion = 10.0.40219.1
Project("{FAE04EC0-301F-11D3-BF4B-00C04F79EFBC}") = "Q2.OOP", "Q2.OOP.csproj", "{3FCF7B23-5298-43FF-8B17-FE6A57E6E6A1}"
EndProject
Project("{FAE04EC0-301F-11D3-BF4B-00C04F79EFBC}") = "Q3.LIST", "..\Q3.LIST\Q3.LIST.csproj", "{FCD11717-F3B9-4F61-846A-4B3BEF58082A}"
EndProject
Project("{FAE04EC0-301F-11D3-BF4B-00C04F79EFBC}") = "allinone", "..\..\allinone\allinone.csproj", "{63E92886-314D-8C5B-B5F2-34B66AB4B6F9}"
EndProject
Global
	GlobalSection(SolutionConfigurationPlatforms) = preSolution
		Debug|Any CPU = Debug|Any CPU
		Release|Any CPU = Release|Any CPU
	EndGlobalSection
	GlobalSection(ProjectConfigurationPlatforms) = postSolution
		{3FCF7B23-5298-43FF-8B17-FE6A57E6E6A1}.Debug|Any CPU.ActiveCfg = Debug|Any CPU
		{3FCF7B23-5298-43FF-8B17-FE6A57E6E6A1}.Debug|Any CPU.Build.0 = Debug|Any CPU
		{3FCF7B23-5298-43FF-8B17-FE6A57E6E6A1}.Release|Any CPU.ActiveCfg = Release|Any CPU
		{3FCF7B23-5298-43FF-8B17-FE6A57E6E6A1}.Release|Any CPU.Build.0 = Release|Any CPU
		{FCD11717-F3B9-4F61-846A-4B3BEF58082A}.Debug|Any CPU.ActiveCfg = Debug|Any CPU
		{FCD11717-F3B9-4F61-846A-4B3BEF58082A}.Debug|Any CPU.Build.0 = Debug|Any CPU
		{FCD11717-F3B9-4F61-846A-4B3BEF58082A}.Release|Any CPU.ActiveCfg = Release|Any CPU
		{FCD11717-F3B9-4F61-846A-4B3BEF58082A}.Release|Any CPU.Build.0 = Release|Any CPU
		{63E92886-314D-8C5B-B5F2-34B66AB4B6F9}.Debug|Any CPU.ActiveCfg = Debug|Any CPU
		{63E92886-314D-8C5B-B5F2-34B66AB4B6F9}.Debug|Any CPU.Build.0 = Debug|Any CPU
		{63E92886-314D-8C5B-B5F2-34B66AB4B6F9}.Release|Any CPU.ActiveCfg = Release|Any CPU
		{63E92886-314D-8C5B-B5F2-34B66AB4B6F9}.Release|Any CPU.Build.0 = Release|Any CPU
	EndGlobalSection
	GlobalSection(SolutionProperties) = preSolution
		HideSolutionNode = FALSE
	EndGlobalSection
	GlobalSection(ExtensibilityGlobals) = postSolution
		SolutionGuid = {2347471C-49E9-4B64-A122-5EC559B789A7}
	EndGlobalSection
EndGlobal
