
Microsoft Visual Studio Solution File, Format Version 12.00
# Visual Studio Version 17
VisualStudioVersion = 17.14.36301.6 d17.14
MinimumVisualStudioVersion = 10.0.40219.1
Project("{FAE04EC0-301F-11D3-BF4B-00C04F79EFBC}") = "allinone", "allinone.csproj", "{28B8328E-C85C-4DCC-8F03-E50871479157}"
EndProject
Project("{FAE04EC0-301F-11D3-BF4B-00C04F79EFBC}") = "privatesupercontractor", "..\inheritance\privatesupercontractor\privatesupercontractor.csproj", "{0726C59E-A058-644A-6E14-A20AF0101969}"
EndProject
Global
	GlobalSection(SolutionConfigurationPlatforms) = preSolution
		Debug|Any CPU = Debug|Any CPU
		Release|Any CPU = Release|Any CPU
	EndGlobalSection
	GlobalSection(ProjectConfigurationPlatforms) = postSolution
		{28B8328E-C85C-4DCC-8F03-E50871479157}.Debug|Any CPU.ActiveCfg = Debug|Any CPU
		{28B8328E-C85C-4DCC-8F03-E50871479157}.Debug|Any CPU.Build.0 = Debug|Any CPU
		{28B8328E-C85C-4DCC-8F03-E50871479157}.Release|Any CPU.ActiveCfg = Release|Any CPU
		{28B8328E-C85C-4DCC-8F03-E50871479157}.Release|Any CPU.Build.0 = Release|Any CPU
		{0726C59E-A058-644A-6E14-A20AF0101969}.Debug|Any CPU.ActiveCfg = Debug|Any CPU
		{0726C59E-A058-644A-6E14-A20AF0101969}.Debug|Any CPU.Build.0 = Debug|Any CPU
		{0726C59E-A058-644A-6E14-A20AF0101969}.Release|Any CPU.ActiveCfg = Release|Any CPU
		{0726C59E-A058-644A-6E14-A20AF0101969}.Release|Any CPU.Build.0 = Release|Any CPU
	EndGlobalSection
	GlobalSection(SolutionProperties) = preSolution
		HideSolutionNode = FALSE
	EndGlobalSection
	GlobalSection(ExtensibilityGlobals) = postSolution
		SolutionGuid = {CF6ADB9F-2215-41DE-9799-F6356DB6C410}
	EndGlobalSection
EndGlobal
