
Microsoft Visual Studio Solution File, Format Version 12.00
# Visual Studio Version 17
VisualStudioVersion = 17.14.36221.1
MinimumVisualStudioVersion = 10.0.40219.1
Project("{FAE04EC0-301F-11D3-BF4B-00C04F79EFBC}") = "GetterSetterandobjectasparameter", "GetterSetterandobjectasparameter.csproj", "{AFF0683C-8BF0-4EA3-AD82-AA47BAD261EC}"
EndProject
Project("{FAE04EC0-301F-11D3-BF4B-00C04F79EFBC}") = "statickeyword", "..\statickeyword\statickeyword.csproj", "{008A715A-F2BB-4A9B-B54A-349102D8354A}"
EndProject
Global
	GlobalSection(SolutionConfigurationPlatforms) = preSolution
		Debug|Any CPU = Debug|Any CPU
		Release|Any CPU = Release|Any CPU
	EndGlobalSection
	GlobalSection(ProjectConfigurationPlatforms) = postSolution
		{AFF0683C-8BF0-4EA3-AD82-AA47BAD261EC}.Debug|Any CPU.ActiveCfg = Debug|Any CPU
		{AFF0683C-8BF0-4EA3-AD82-AA47BAD261EC}.Debug|Any CPU.Build.0 = Debug|Any CPU
		{AFF0683C-8BF0-4EA3-AD82-AA47BAD261EC}.Release|Any CPU.ActiveCfg = Release|Any CPU
		{AFF0683C-8BF0-4EA3-AD82-AA47BAD261EC}.Release|Any CPU.Build.0 = Release|Any CPU
		{008A715A-F2BB-4A9B-B54A-349102D8354A}.Debug|Any CPU.ActiveCfg = Debug|Any CPU
		{008A715A-F2BB-4A9B-B54A-349102D8354A}.Debug|Any CPU.Build.0 = Debug|Any CPU
		{008A715A-F2BB-4A9B-B54A-349102D8354A}.Release|Any CPU.ActiveCfg = Release|Any CPU
		{008A715A-F2BB-4A9B-B54A-349102D8354A}.Release|Any CPU.Build.0 = Release|Any CPU
	EndGlobalSection
	GlobalSection(SolutionProperties) = preSolution
		HideSolutionNode = FALSE
	EndGlobalSection
	GlobalSection(ExtensibilityGlobals) = postSolution
		SolutionGuid = {145D12F1-D293-409E-A006-8BCE7A8D7234}
	EndGlobalSection
EndGlobal
