
Microsoft Visual Studio Solution File, Format Version 12.00
# Visual Studio Version 17
VisualStudioVersion = 17.14.36301.6 d17.14
MinimumVisualStudioVersion = 10.0.40219.1
Project("{FAE04EC0-301F-11D3-BF4B-00C04F79EFBC}") = "Assignment1_20220104123_C1", "Assignment1_20220104123_C1\Assignment1_20220104123_C1.csproj", "{46C10A25-6450-4368-86C9-577B769B6D24}"
EndProject
Global
	GlobalSection(SolutionConfigurationPlatforms) = preSolution
		Debug|Any CPU = Debug|Any CPU
		Release|Any CPU = Release|Any CPU
	EndGlobalSection
	GlobalSection(ProjectConfigurationPlatforms) = postSolution
		{46C10A25-6450-4368-86C9-577B769B6D24}.Debug|Any CPU.ActiveCfg = Debug|Any CPU
		{46C10A25-6450-4368-86C9-577B769B6D24}.Debug|Any CPU.Build.0 = Debug|Any CPU
		{46C10A25-6450-4368-86C9-577B769B6D24}.Release|Any CPU.ActiveCfg = Release|Any CPU
		{46C10A25-6450-4368-86C9-577B769B6D24}.Release|Any CPU.Build.0 = Release|Any CPU
	EndGlobalSection
	GlobalSection(SolutionProperties) = preSolution
		HideSolutionNode = FALSE
	EndGlobalSection
	GlobalSection(ExtensibilityGlobals) = postSolution
		SolutionGuid = {E14D1EFE-8087-4476-B3E6-6F1F1D8FA3C2}
	EndGlobalSection
EndGlobal
